// !$*UTF8*$!
{
	archiveVersion = 1;
	classes = {
	};
	objectVersion = 46;
	objects = {

/* Begin PBXBuildFile section */
		16107CF5382A8EF5F3165BA2 /* Pods_swiftProjTemplateTests.framework in Frameworks */ = {isa = PBXBuildFile; fileRef = 8A2E88F97E9C54EA6C03349A /* Pods_swiftProjTemplateTests.framework */; };
		1851A41A1D54A2F8005EEB42 /* AppDelegate.swift in Sources */ = {isa = PBXBuildFile; fileRef = 1851A4191D54A2F8005EEB42 /* AppDelegate.swift */; };
		1851A41C1D54A2F8005EEB42 /* ViewController.swift in Sources */ = {isa = PBXBuildFile; fileRef = 1851A41B1D54A2F8005EEB42 /* ViewController.swift */; };
		1851A41F1D54A2F8005EEB42 /* Main.storyboard in Resources */ = {isa = PBXBuildFile; fileRef = 1851A41D1D54A2F8005EEB42 /* Main.storyboard */; };
		1851A4221D54A2F8005EEB42 /* swiftProjTemplate.xcdatamodeld in Sources */ = {isa = PBXBuildFile; fileRef = 1851A4201D54A2F8005EEB42 /* swiftProjTemplate.xcdatamodeld */; };
		1851A4241D54A2F8005EEB42 /* Assets.xcassets in Resources */ = {isa = PBXBuildFile; fileRef = 1851A4231D54A2F8005EEB42 /* Assets.xcassets */; };
		1851A4271D54A2F8005EEB42 /* LaunchScreen.storyboard in Resources */ = {isa = PBXBuildFile; fileRef = 1851A4251D54A2F8005EEB42 /* LaunchScreen.storyboard */; };
		1851A4321D54A2F8005EEB42 /* swiftProjTemplateTests.swift in Sources */ = {isa = PBXBuildFile; fileRef = 1851A4311D54A2F8005EEB42 /* swiftProjTemplateTests.swift */; };
		1851A43D1D54A2F8005EEB42 /* swiftProjTemplateUITests.swift in Sources */ = {isa = PBXBuildFile; fileRef = 1851A43C1D54A2F8005EEB42 /* swiftProjTemplateUITests.swift */; };
		189C702E1D581C6900A2A048 /* CustomTextView.swift in Sources */ = {isa = PBXBuildFile; fileRef = 189C700F1D581C6900A2A048 /* CustomTextView.swift */; };
		189C702F1D581C6900A2A048 /* LineView.swift in Sources */ = {isa = PBXBuildFile; fileRef = 189C70101D581C6900A2A048 /* LineView.swift */; };
		189C70301D581C6900A2A048 /* UILabelPadding.swift in Sources */ = {isa = PBXBuildFile; fileRef = 189C70111D581C6900A2A048 /* UILabelPadding.swift */; };
		189C70321D581C6900A2A048 /* FileUtilController.swift in Sources */ = {isa = PBXBuildFile; fileRef = 189C70141D581C6900A2A048 /* FileUtilController.swift */; };
		189C70331D581C6900A2A048 /* GCDUtils.swift in Sources */ = {isa = PBXBuildFile; fileRef = 189C70151D581C6900A2A048 /* GCDUtils.swift */; };
		189C70351D581C6900A2A048 /* ObjectStorage.swift in Sources */ = {isa = PBXBuildFile; fileRef = 189C70171D581C6900A2A048 /* ObjectStorage.swift */; };
		189C70361D581C6900A2A048 /* ReadFileUtil.swift in Sources */ = {isa = PBXBuildFile; fileRef = 189C70181D581C6900A2A048 /* ReadFileUtil.swift */; };
		189C70371D581C6900A2A048 /* ExtensionCG.swift in Sources */ = {isa = PBXBuildFile; fileRef = 189C701A1D581C6900A2A048 /* ExtensionCG.swift */; };
		189C70391D581C6900A2A048 /* ExtensionNS.swift in Sources */ = {isa = PBXBuildFile; fileRef = 189C701C1D581C6900A2A048 /* ExtensionNS.swift */; };
		189C703A1D581C6900A2A048 /* ExtensionSwift.swift in Sources */ = {isa = PBXBuildFile; fileRef = 189C701D1D581C6900A2A048 /* ExtensionSwift.swift */; };
		189C703B1D581C6900A2A048 /* ExtensionUIKit.swift in Sources */ = {isa = PBXBuildFile; fileRef = 189C701E1D581C6900A2A048 /* ExtensionUIKit.swift */; };
		189C703C1D581C6900A2A048 /* APIDefine.swift in Sources */ = {isa = PBXBuildFile; fileRef = 189C70201D581C6900A2A048 /* APIDefine.swift */; };
		189C703D1D581C6900A2A048 /* AVPlayerManager.swift in Sources */ = {isa = PBXBuildFile; fileRef = 189C70211D581C6900A2A048 /* AVPlayerManager.swift */; };
		189C703E1D581C6900A2A048 /* UIStandard.swift in Sources */ = {isa = PBXBuildFile; fileRef = 189C70221D581C6900A2A048 /* UIStandard.swift */; };
		189C703F1D581C6900A2A048 /* FilePathController.swift in Sources */ = {isa = PBXBuildFile; fileRef = 189C70231D581C6900A2A048 /* FilePathController.swift */; };
		189C70401D581C6900A2A048 /* InternationController.swift in Sources */ = {isa = PBXBuildFile; fileRef = 189C70241D581C6900A2A048 /* InternationController.swift */; };
		189C70441D581C6900A2A048 /* ConvenienceTools.swift in Sources */ = {isa = PBXBuildFile; fileRef = 189C70291D581C6900A2A048 /* ConvenienceTools.swift */; };
		189C70451D581C6900A2A048 /* HttpUtil.swift in Sources */ = {isa = PBXBuildFile; fileRef = 189C702A1D581C6900A2A048 /* HttpUtil.swift */; };
		189C70461D581C6900A2A048 /* RegExp.swift in Sources */ = {isa = PBXBuildFile; fileRef = 189C702B1D581C6900A2A048 /* RegExp.swift */; };
		189C70481D58262E00A2A048 /* CustomDefine.swift in Sources */ = {isa = PBXBuildFile; fileRef = 189C70471D58262E00A2A048 /* CustomDefine.swift */; };
		189C704E1D58341600A2A048 /* BaseViewController.swift in Sources */ = {isa = PBXBuildFile; fileRef = 189C704D1D58341600A2A048 /* BaseViewController.swift */; };
		189C70521D583EAF00A2A048 /* BaseViewControllerWithTableView.swift in Sources */ = {isa = PBXBuildFile; fileRef = 189C70511D583EAF00A2A048 /* BaseViewControllerWithTableView.swift */; };
		189C70581D586B9B00A2A048 /* Realm.framework in Frameworks */ = {isa = PBXBuildFile; fileRef = 189C70561D586B9B00A2A048 /* Realm.framework */; };
		189C70591D586B9B00A2A048 /* Realm.framework in Embed Frameworks */ = {isa = PBXBuildFile; fileRef = 189C70561D586B9B00A2A048 /* Realm.framework */; settings = {ATTRIBUTES = (CodeSignOnCopy, RemoveHeadersOnCopy, ); }; };
		189C705A1D586B9B00A2A048 /* RealmSwift.framework in Frameworks */ = {isa = PBXBuildFile; fileRef = 189C70571D586B9B00A2A048 /* RealmSwift.framework */; };
		189C705B1D586B9B00A2A048 /* RealmSwift.framework in Embed Frameworks */ = {isa = PBXBuildFile; fileRef = 189C70571D586B9B00A2A048 /* RealmSwift.framework */; settings = {ATTRIBUTES = (CodeSignOnCopy, RemoveHeadersOnCopy, ); }; };
		7737F4D954CA75A4F1333D2B /* Pods_swiftProjTemplateUITests.framework in Frameworks */ = {isa = PBXBuildFile; fileRef = BFF44328BA23C70A12893715 /* Pods_swiftProjTemplateUITests.framework */; };
		F9677A90CAF8F1377D7EAACD /* Pods_swiftProjTemplate.framework in Frameworks */ = {isa = PBXBuildFile; fileRef = 68F0E9167A1FBAE15E9375C6 /* Pods_swiftProjTemplate.framework */; };
/* End PBXBuildFile section */

/* Begin PBXContainerItemProxy section */
		1851A42E1D54A2F8005EEB42 /* PBXContainerItemProxy */ = {
			isa = PBXContainerItemProxy;
			containerPortal = 1851A40E1D54A2F7005EEB42 /* Project object */;
			proxyType = 1;
			remoteGlobalIDString = 1851A4151D54A2F7005EEB42;
			remoteInfo = swiftProjTemplate;
		};
		1851A4391D54A2F8005EEB42 /* PBXContainerItemProxy */ = {
			isa = PBXContainerItemProxy;
			containerPortal = 1851A40E1D54A2F7005EEB42 /* Project object */;
			proxyType = 1;
			remoteGlobalIDString = 1851A4151D54A2F7005EEB42;
			remoteInfo = swiftProjTemplate;
		};
/* End PBXContainerItemProxy section */

/* Begin PBXCopyFilesBuildPhase section */
		189C705C1D586B9B00A2A048 /* Embed Frameworks */ = {
			isa = PBXCopyFilesBuildPhase;
			buildActionMask = 2147483647;
			dstPath = "";
			dstSubfolderSpec = 10;
			files = (
				189C705B1D586B9B00A2A048 /* RealmSwift.framework in Embed Frameworks */,
				189C70591D586B9B00A2A048 /* Realm.framework in Embed Frameworks */,
			);
			name = "Embed Frameworks";
			runOnlyForDeploymentPostprocessing = 0;
		};
/* End PBXCopyFilesBuildPhase section */

/* Begin PBXFileReference section */
		1851A4161D54A2F7005EEB42 /* swiftProjTemplate.app */ = {isa = PBXFileReference; explicitFileType = wrapper.application; includeInIndex = 0; path = swiftProjTemplate.app; sourceTree = BUILT_PRODUCTS_DIR; };
		1851A4191D54A2F8005EEB42 /* AppDelegate.swift */ = {isa = PBXFileReference; lastKnownFileType = sourcecode.swift; path = AppDelegate.swift; sourceTree = "<group>"; };
		1851A41B1D54A2F8005EEB42 /* ViewController.swift */ = {isa = PBXFileReference; lastKnownFileType = sourcecode.swift; path = ViewController.swift; sourceTree = "<group>"; };
		1851A41E1D54A2F8005EEB42 /* Base */ = {isa = PBXFileReference; lastKnownFileType = file.storyboard; name = Base; path = Base.lproj/Main.storyboard; sourceTree = "<group>"; };
		1851A4211D54A2F8005EEB42 /* swiftProjTemplate.xcdatamodel */ = {isa = PBXFileReference; lastKnownFileType = wrapper.xcdatamodel; path = swiftProjTemplate.xcdatamodel; sourceTree = "<group>"; };
		1851A4231D54A2F8005EEB42 /* Assets.xcassets */ = {isa = PBXFileReference; lastKnownFileType = folder.assetcatalog; path = Assets.xcassets; sourceTree = "<group>"; };
		1851A4261D54A2F8005EEB42 /* Base */ = {isa = PBXFileReference; lastKnownFileType = file.storyboard; name = Base; path = Base.lproj/LaunchScreen.storyboard; sourceTree = "<group>"; };
		1851A4281D54A2F8005EEB42 /* Info.plist */ = {isa = PBXFileReference; lastKnownFileType = text.plist.xml; path = Info.plist; sourceTree = "<group>"; };
		1851A42D1D54A2F8005EEB42 /* swiftProjTemplateTests.xctest */ = {isa = PBXFileReference; explicitFileType = wrapper.cfbundle; includeInIndex = 0; path = swiftProjTemplateTests.xctest; sourceTree = BUILT_PRODUCTS_DIR; };
		1851A4311D54A2F8005EEB42 /* swiftProjTemplateTests.swift */ = {isa = PBXFileReference; lastKnownFileType = sourcecode.swift; path = swiftProjTemplateTests.swift; sourceTree = "<group>"; };
		1851A4331D54A2F8005EEB42 /* Info.plist */ = {isa = PBXFileReference; lastKnownFileType = text.plist.xml; path = Info.plist; sourceTree = "<group>"; };
		1851A4381D54A2F8005EEB42 /* swiftProjTemplateUITests.xctest */ = {isa = PBXFileReference; explicitFileType = wrapper.cfbundle; includeInIndex = 0; path = swiftProjTemplateUITests.xctest; sourceTree = BUILT_PRODUCTS_DIR; };
		1851A43C1D54A2F8005EEB42 /* swiftProjTemplateUITests.swift */ = {isa = PBXFileReference; lastKnownFileType = sourcecode.swift; path = swiftProjTemplateUITests.swift; sourceTree = "<group>"; };
		1851A43E1D54A2F8005EEB42 /* Info.plist */ = {isa = PBXFileReference; lastKnownFileType = text.plist.xml; path = Info.plist; sourceTree = "<group>"; };
		189C700F1D581C6900A2A048 /* CustomTextView.swift */ = {isa = PBXFileReference; fileEncoding = 4; lastKnownFileType = sourcecode.swift; path = CustomTextView.swift; sourceTree = "<group>"; };
		189C70101D581C6900A2A048 /* LineView.swift */ = {isa = PBXFileReference; fileEncoding = 4; lastKnownFileType = sourcecode.swift; path = LineView.swift; sourceTree = "<group>"; };
		189C70111D581C6900A2A048 /* UILabelPadding.swift */ = {isa = PBXFileReference; fileEncoding = 4; lastKnownFileType = sourcecode.swift; path = UILabelPadding.swift; sourceTree = "<group>"; };
		189C70141D581C6900A2A048 /* FileUtilController.swift */ = {isa = PBXFileReference; fileEncoding = 4; lastKnownFileType = sourcecode.swift; path = FileUtilController.swift; sourceTree = "<group>"; };
		189C70151D581C6900A2A048 /* GCDUtils.swift */ = {isa = PBXFileReference; fileEncoding = 4; lastKnownFileType = sourcecode.swift; path = GCDUtils.swift; sourceTree = "<group>"; };
		189C70171D581C6900A2A048 /* ObjectStorage.swift */ = {isa = PBXFileReference; fileEncoding = 4; lastKnownFileType = sourcecode.swift; path = ObjectStorage.swift; sourceTree = "<group>"; };
		189C70181D581C6900A2A048 /* ReadFileUtil.swift */ = {isa = PBXFileReference; fileEncoding = 4; lastKnownFileType = sourcecode.swift; path = ReadFileUtil.swift; sourceTree = "<group>"; };
		189C701A1D581C6900A2A048 /* ExtensionCG.swift */ = {isa = PBXFileReference; fileEncoding = 4; lastKnownFileType = sourcecode.swift; path = ExtensionCG.swift; sourceTree = "<group>"; };
		189C701C1D581C6900A2A048 /* ExtensionNS.swift */ = {isa = PBXFileReference; fileEncoding = 4; lastKnownFileType = sourcecode.swift; path = ExtensionNS.swift; sourceTree = "<group>"; };
		189C701D1D581C6900A2A048 /* ExtensionSwift.swift */ = {isa = PBXFileReference; fileEncoding = 4; lastKnownFileType = sourcecode.swift; path = ExtensionSwift.swift; sourceTree = "<group>"; };
		189C701E1D581C6900A2A048 /* ExtensionUIKit.swift */ = {isa = PBXFileReference; fileEncoding = 4; lastKnownFileType = sourcecode.swift; path = ExtensionUIKit.swift; sourceTree = "<group>"; };
		189C70201D581C6900A2A048 /* APIDefine.swift */ = {isa = PBXFileReference; fileEncoding = 4; lastKnownFileType = sourcecode.swift; path = APIDefine.swift; sourceTree = "<group>"; };
		189C70211D581C6900A2A048 /* AVPlayerManager.swift */ = {isa = PBXFileReference; fileEncoding = 4; lastKnownFileType = sourcecode.swift; path = AVPlayerManager.swift; sourceTree = "<group>"; };
		189C70221D581C6900A2A048 /* UIStandard.swift */ = {isa = PBXFileReference; fileEncoding = 4; lastKnownFileType = sourcecode.swift; path = UIStandard.swift; sourceTree = "<group>"; };
		189C70231D581C6900A2A048 /* FilePathController.swift */ = {isa = PBXFileReference; fileEncoding = 4; lastKnownFileType = sourcecode.swift; path = FilePathController.swift; sourceTree = "<group>"; };
		189C70241D581C6900A2A048 /* InternationController.swift */ = {isa = PBXFileReference; fileEncoding = 4; lastKnownFileType = sourcecode.swift; path = InternationController.swift; sourceTree = "<group>"; };
		189C70291D581C6900A2A048 /* ConvenienceTools.swift */ = {isa = PBXFileReference; fileEncoding = 4; lastKnownFileType = sourcecode.swift; path = ConvenienceTools.swift; sourceTree = "<group>"; };
		189C702A1D581C6900A2A048 /* HttpUtil.swift */ = {isa = PBXFileReference; fileEncoding = 4; lastKnownFileType = sourcecode.swift; path = HttpUtil.swift; sourceTree = "<group>"; };
		189C702B1D581C6900A2A048 /* RegExp.swift */ = {isa = PBXFileReference; fileEncoding = 4; lastKnownFileType = sourcecode.swift; path = RegExp.swift; sourceTree = "<group>"; };
		189C70471D58262E00A2A048 /* CustomDefine.swift */ = {isa = PBXFileReference; fileEncoding = 4; lastKnownFileType = sourcecode.swift; path = CustomDefine.swift; sourceTree = "<group>"; };
		189C704D1D58341600A2A048 /* BaseViewController.swift */ = {isa = PBXFileReference; fileEncoding = 4; lastKnownFileType = sourcecode.swift; path = BaseViewController.swift; sourceTree = "<group>"; };
		189C70511D583EAF00A2A048 /* BaseViewControllerWithTableView.swift */ = {isa = PBXFileReference; fileEncoding = 4; lastKnownFileType = sourcecode.swift; path = BaseViewControllerWithTableView.swift; sourceTree = "<group>"; };
		189C70561D586B9B00A2A048 /* Realm.framework */ = {isa = PBXFileReference; lastKnownFileType = wrapper.framework; path = Realm.framework; sourceTree = "<group>"; };
		189C70571D586B9B00A2A048 /* RealmSwift.framework */ = {isa = PBXFileReference; lastKnownFileType = wrapper.framework; path = RealmSwift.framework; sourceTree = "<group>"; };
		26C83B9D2C8FA14C20AEBAC9 /* Pods-swiftProjTemplate.release.xcconfig */ = {isa = PBXFileReference; includeInIndex = 1; lastKnownFileType = text.xcconfig; name = "Pods-swiftProjTemplate.release.xcconfig"; path = "Pods/Target Support Files/Pods-swiftProjTemplate/Pods-swiftProjTemplate.release.xcconfig"; sourceTree = "<group>"; };
		610F0A849CD53CAE97335FB1 /* Pods-swiftProjTemplateUITests.debug.xcconfig */ = {isa = PBXFileReference; includeInIndex = 1; lastKnownFileType = text.xcconfig; name = "Pods-swiftProjTemplateUITests.debug.xcconfig"; path = "Pods/Target Support Files/Pods-swiftProjTemplateUITests/Pods-swiftProjTemplateUITests.debug.xcconfig"; sourceTree = "<group>"; };
		68F0E9167A1FBAE15E9375C6 /* Pods_swiftProjTemplate.framework */ = {isa = PBXFileReference; explicitFileType = wrapper.framework; includeInIndex = 0; path = Pods_swiftProjTemplate.framework; sourceTree = BUILT_PRODUCTS_DIR; };
		8A2E88F97E9C54EA6C03349A /* Pods_swiftProjTemplateTests.framework */ = {isa = PBXFileReference; explicitFileType = wrapper.framework; includeInIndex = 0; path = Pods_swiftProjTemplateTests.framework; sourceTree = BUILT_PRODUCTS_DIR; };
		8B0B6DB76BE82FEDA48BB0C8 /* Pods-swiftProjTemplateTests.debug.xcconfig */ = {isa = PBXFileReference; includeInIndex = 1; lastKnownFileType = text.xcconfig; name = "Pods-swiftProjTemplateTests.debug.xcconfig"; path = "Pods/Target Support Files/Pods-swiftProjTemplateTests/Pods-swiftProjTemplateTests.debug.xcconfig"; sourceTree = "<group>"; };
		983DFE162E33DC7208E72C7C /* Pods-swiftProjTemplateUITests.release.xcconfig */ = {isa = PBXFileReference; includeInIndex = 1; lastKnownFileType = text.xcconfig; name = "Pods-swiftProjTemplateUITests.release.xcconfig"; path = "Pods/Target Support Files/Pods-swiftProjTemplateUITests/Pods-swiftProjTemplateUITests.release.xcconfig"; sourceTree = "<group>"; };
		B94FE389064C47FEED9EE027 /* Pods-swiftProjTemplate.debug.xcconfig */ = {isa = PBXFileReference; includeInIndex = 1; lastKnownFileType = text.xcconfig; name = "Pods-swiftProjTemplate.debug.xcconfig"; path = "Pods/Target Support Files/Pods-swiftProjTemplate/Pods-swiftProjTemplate.debug.xcconfig"; sourceTree = "<group>"; };
		BEC4837A99CDA92A3AA66266 /* Pods-swiftProjTemplateTests.release.xcconfig */ = {isa = PBXFileReference; includeInIndex = 1; lastKnownFileType = text.xcconfig; name = "Pods-swiftProjTemplateTests.release.xcconfig"; path = "Pods/Target Support Files/Pods-swiftProjTemplateTests/Pods-swiftProjTemplateTests.release.xcconfig"; sourceTree = "<group>"; };
		BFF44328BA23C70A12893715 /* Pods_swiftProjTemplateUITests.framework */ = {isa = PBXFileReference; explicitFileType = wrapper.framework; includeInIndex = 0; path = Pods_swiftProjTemplateUITests.framework; sourceTree = BUILT_PRODUCTS_DIR; };
/* End PBXFileReference section */

/* Begin PBXFrameworksBuildPhase section */
		1851A4131D54A2F7005EEB42 /* Frameworks */ = {
			isa = PBXFrameworksBuildPhase;
			buildActionMask = 2147483647;
			files = (
				189C70581D586B9B00A2A048 /* Realm.framework in Frameworks */,
				F9677A90CAF8F1377D7EAACD /* Pods_swiftProjTemplate.framework in Frameworks */,
				189C705A1D586B9B00A2A048 /* RealmSwift.framework in Frameworks */,
			);
			runOnlyForDeploymentPostprocessing = 0;
		};
		1851A42A1D54A2F8005EEB42 /* Frameworks */ = {
			isa = PBXFrameworksBuildPhase;
			buildActionMask = 2147483647;
			files = (
				16107CF5382A8EF5F3165BA2 /* Pods_swiftProjTemplateTests.framework in Frameworks */,
			);
			runOnlyForDeploymentPostprocessing = 0;
		};
		1851A4351D54A2F8005EEB42 /* Frameworks */ = {
			isa = PBXFrameworksBuildPhase;
			buildActionMask = 2147483647;
			files = (
				7737F4D954CA75A4F1333D2B /* Pods_swiftProjTemplateUITests.framework in Frameworks */,
			);
			runOnlyForDeploymentPostprocessing = 0;
		};
/* End PBXFrameworksBuildPhase section */

/* Begin PBXGroup section */
		1851A40D1D54A2F7005EEB42 = {
			isa = PBXGroup;
			children = (
				189C70561D586B9B00A2A048 /* Realm.framework */,
				189C70571D586B9B00A2A048 /* RealmSwift.framework */,
				1851A4181D54A2F7005EEB42 /* swiftProjTemplate */,
				1851A4301D54A2F8005EEB42 /* swiftProjTemplateTests */,
				1851A43B1D54A2F8005EEB42 /* swiftProjTemplateUITests */,
				1851A4171D54A2F7005EEB42 /* Products */,
				D9A747386F3550FA66B2E0D4 /* Pods */,
				29A9021E189E6FCB9D126FF1 /* Frameworks */,
			);
			sourceTree = "<group>";
		};
		1851A4171D54A2F7005EEB42 /* Products */ = {
			isa = PBXGroup;
			children = (
				1851A4161D54A2F7005EEB42 /* swiftProjTemplate.app */,
				1851A42D1D54A2F8005EEB42 /* swiftProjTemplateTests.xctest */,
				1851A4381D54A2F8005EEB42 /* swiftProjTemplateUITests.xctest */,
			);
			name = Products;
			sourceTree = "<group>";
		};
		1851A4181D54A2F7005EEB42 /* swiftProjTemplate */ = {
			isa = PBXGroup;
			children = (
				189C70491D58340100A2A048 /* Base */,
				189C700B1D581C6900A2A048 /* McUtil */,
				1851A4191D54A2F8005EEB42 /* AppDelegate.swift */,
				1851A41B1D54A2F8005EEB42 /* ViewController.swift */,
				1851A41D1D54A2F8005EEB42 /* Main.storyboard */,
				1851A4231D54A2F8005EEB42 /* Assets.xcassets */,
				1851A4251D54A2F8005EEB42 /* LaunchScreen.storyboard */,
				1851A4281D54A2F8005EEB42 /* Info.plist */,
				1851A4201D54A2F8005EEB42 /* swiftProjTemplate.xcdatamodeld */,
			);
			path = swiftProjTemplate;
			sourceTree = "<group>";
		};
		1851A4301D54A2F8005EEB42 /* swiftProjTemplateTests */ = {
			isa = PBXGroup;
			children = (
				1851A4311D54A2F8005EEB42 /* swiftProjTemplateTests.swift */,
				1851A4331D54A2F8005EEB42 /* Info.plist */,
			);
			path = swiftProjTemplateTests;
			sourceTree = "<group>";
		};
		1851A43B1D54A2F8005EEB42 /* swiftProjTemplateUITests */ = {
			isa = PBXGroup;
			children = (
				1851A43C1D54A2F8005EEB42 /* swiftProjTemplateUITests.swift */,
				1851A43E1D54A2F8005EEB42 /* Info.plist */,
			);
			path = swiftProjTemplateUITests;
			sourceTree = "<group>";
		};
		189C700B1D581C6900A2A048 /* McUtil */ = {
			isa = PBXGroup;
			children = (
				189C700C1D581C6900A2A048 /* Custom */,
				189C70121D581C6900A2A048 /* DataStore */,
				189C70191D581C6900A2A048 /* Extension */,
				189C701F1D581C6900A2A048 /* General */,
				189C70281D581C6900A2A048 /* Util */,
			);
			path = McUtil;
			sourceTree = "<group>";
		};
		189C700C1D581C6900A2A048 /* Custom */ = {
			isa = PBXGroup;
			children = (
				189C700F1D581C6900A2A048 /* CustomTextView.swift */,
				189C70101D581C6900A2A048 /* LineView.swift */,
				189C70111D581C6900A2A048 /* UILabelPadding.swift */,
			);
			path = Custom;
			sourceTree = "<group>";
		};
		189C70121D581C6900A2A048 /* DataStore */ = {
			isa = PBXGroup;
			children = (
				189C70141D581C6900A2A048 /* FileUtilController.swift */,
				189C70151D581C6900A2A048 /* GCDUtils.swift */,
				189C70171D581C6900A2A048 /* ObjectStorage.swift */,
				189C70181D581C6900A2A048 /* ReadFileUtil.swift */,
			);
			path = DataStore;
			sourceTree = "<group>";
		};
		189C70191D581C6900A2A048 /* Extension */ = {
			isa = PBXGroup;
			children = (
				189C701A1D581C6900A2A048 /* ExtensionCG.swift */,
				189C701C1D581C6900A2A048 /* ExtensionNS.swift */,
				189C701D1D581C6900A2A048 /* ExtensionSwift.swift */,
				189C701E1D581C6900A2A048 /* ExtensionUIKit.swift */,
			);
			path = Extension;
			sourceTree = "<group>";
		};
		189C701F1D581C6900A2A048 /* General */ = {
			isa = PBXGroup;
			children = (
				189C70471D58262E00A2A048 /* CustomDefine.swift */,
				189C70201D581C6900A2A048 /* APIDefine.swift */,
				189C70211D581C6900A2A048 /* AVPlayerManager.swift */,
				189C70221D581C6900A2A048 /* UIStandard.swift */,
				189C70231D581C6900A2A048 /* FilePathController.swift */,
				189C70241D581C6900A2A048 /* InternationController.swift */,
			);
			path = General;
			sourceTree = "<group>";
		};
		189C70281D581C6900A2A048 /* Util */ = {
			isa = PBXGroup;
			children = (
				189C70291D581C6900A2A048 /* ConvenienceTools.swift */,
				189C702A1D581C6900A2A048 /* HttpUtil.swift */,
				189C702B1D581C6900A2A048 /* RegExp.swift */,
			);
			path = Util;
			sourceTree = "<group>";
		};
		189C70491D58340100A2A048 /* Base */ = {
			isa = PBXGroup;
			children = (
				189C704A1D58340100A2A048 /* Controller */,
				189C704B1D58340100A2A048 /* Model */,
				189C704C1D58340100A2A048 /* View */,
			);
			path = Base;
			sourceTree = "<group>";
		};
		189C704A1D58340100A2A048 /* Controller */ = {
			isa = PBXGroup;
			children = (
				189C704D1D58341600A2A048 /* BaseViewController.swift */,
				189C70511D583EAF00A2A048 /* BaseViewControllerWithTableView.swift */,
			);
			path = Controller;
			sourceTree = "<group>";
		};
		189C704B1D58340100A2A048 /* Model */ = {
			isa = PBXGroup;
			children = (
			);
			path = Model;
			sourceTree = "<group>";
		};
		189C704C1D58340100A2A048 /* View */ = {
			isa = PBXGroup;
			children = (
			);
			path = View;
			sourceTree = "<group>";
		};
		29A9021E189E6FCB9D126FF1 /* Frameworks */ = {
			isa = PBXGroup;
			children = (
				68F0E9167A1FBAE15E9375C6 /* Pods_swiftProjTemplate.framework */,
				8A2E88F97E9C54EA6C03349A /* Pods_swiftProjTemplateTests.framework */,
				BFF44328BA23C70A12893715 /* Pods_swiftProjTemplateUITests.framework */,
			);
			name = Frameworks;
			sourceTree = "<group>";
		};
		D9A747386F3550FA66B2E0D4 /* Pods */ = {
			isa = PBXGroup;
			children = (
				B94FE389064C47FEED9EE027 /* Pods-swiftProjTemplate.debug.xcconfig */,
				26C83B9D2C8FA14C20AEBAC9 /* Pods-swiftProjTemplate.release.xcconfig */,
				8B0B6DB76BE82FEDA48BB0C8 /* Pods-swiftProjTemplateTests.debug.xcconfig */,
				BEC4837A99CDA92A3AA66266 /* Pods-swiftProjTemplateTests.release.xcconfig */,
				610F0A849CD53CAE97335FB1 /* Pods-swiftProjTemplateUITests.debug.xcconfig */,
				983DFE162E33DC7208E72C7C /* Pods-swiftProjTemplateUITests.release.xcconfig */,
			);
			name = Pods;
			sourceTree = "<group>";
		};
/* End PBXGroup section */

/* Begin PBXNativeTarget section */
		1851A4151D54A2F7005EEB42 /* swiftProjTemplate */ = {
			isa = PBXNativeTarget;
			buildConfigurationList = 1851A4411D54A2F8005EEB42 /* Build configuration list for PBXNativeTarget "swiftProjTemplate" */;
			buildPhases = (
				2AAED35AB82B1ED90C4DD1DA /* [CP] Check Pods Manifest.lock */,
				1851A4121D54A2F7005EEB42 /* Sources */,
				1851A4131D54A2F7005EEB42 /* Frameworks */,
				1851A4141D54A2F7005EEB42 /* Resources */,
				70FAF24C85E77053A5C68865 /* [CP] Embed Pods Frameworks */,
				89904022ED51F41992D0A126 /* [CP] Copy Pods Resources */,
				189C705C1D586B9B00A2A048 /* Embed Frameworks */,
			);
			buildRules = (
			);
			dependencies = (
			);
			name = swiftProjTemplate;
			productName = swiftProjTemplate;
			productReference = 1851A4161D54A2F7005EEB42 /* swiftProjTemplate.app */;
			productType = "com.apple.product-type.application";
		};
		1851A42C1D54A2F8005EEB42 /* swiftProjTemplateTests */ = {
			isa = PBXNativeTarget;
			buildConfigurationList = 1851A4441D54A2F8005EEB42 /* Build configuration list for PBXNativeTarget "swiftProjTemplateTests" */;
			buildPhases = (
				9370D186E54074A3862C253C /* [CP] Check Pods Manifest.lock */,
				1851A4291D54A2F8005EEB42 /* Sources */,
				1851A42A1D54A2F8005EEB42 /* Frameworks */,
				1851A42B1D54A2F8005EEB42 /* Resources */,
				1F27F13C570467DC641D6859 /* [CP] Embed Pods Frameworks */,
				61066709D14936B1573E0140 /* [CP] Copy Pods Resources */,
			);
			buildRules = (
			);
			dependencies = (
				1851A42F1D54A2F8005EEB42 /* PBXTargetDependency */,
			);
			name = swiftProjTemplateTests;
			productName = swiftProjTemplateTests;
			productReference = 1851A42D1D54A2F8005EEB42 /* swiftProjTemplateTests.xctest */;
			productType = "com.apple.product-type.bundle.unit-test";
		};
		1851A4371D54A2F8005EEB42 /* swiftProjTemplateUITests */ = {
			isa = PBXNativeTarget;
			buildConfigurationList = 1851A4471D54A2F8005EEB42 /* Build configuration list for PBXNativeTarget "swiftProjTemplateUITests" */;
			buildPhases = (
				57F365B7ECB7A3BFF3E07FE7 /* [CP] Check Pods Manifest.lock */,
				1851A4341D54A2F8005EEB42 /* Sources */,
				1851A4351D54A2F8005EEB42 /* Frameworks */,
				1851A4361D54A2F8005EEB42 /* Resources */,
				BEAD6FE26B1F4716E9E85D87 /* [CP] Copy Pods Resources */,
			);
			buildRules = (
			);
			dependencies = (
				1851A43A1D54A2F8005EEB42 /* PBXTargetDependency */,
			);
			name = swiftProjTemplateUITests;
			productName = swiftProjTemplateUITests;
			productReference = 1851A4381D54A2F8005EEB42 /* swiftProjTemplateUITests.xctest */;
			productType = "com.apple.product-type.bundle.ui-testing";
		};
/* End PBXNativeTarget section */

/* Begin PBXProject section */
		1851A40E1D54A2F7005EEB42 /* Project object */ = {
			isa = PBXProject;
			attributes = {
				LastSwiftUpdateCheck = 0730;
				LastUpgradeCheck = 0730;
				ORGANIZATIONNAME = oracleen;
				TargetAttributes = {
					1851A4151D54A2F7005EEB42 = {
						CreatedOnToolsVersion = 7.3;
					};
					1851A42C1D54A2F8005EEB42 = {
						CreatedOnToolsVersion = 7.3;
						TestTargetID = 1851A4151D54A2F7005EEB42;
					};
					1851A4371D54A2F8005EEB42 = {
						CreatedOnToolsVersion = 7.3;
						TestTargetID = 1851A4151D54A2F7005EEB42;
					};
				};
			};
			buildConfigurationList = 1851A4111D54A2F7005EEB42 /* Build configuration list for PBXProject "swiftProjTemplate" */;
			compatibilityVersion = "Xcode 3.2";
			developmentRegion = English;
			hasScannedForEncodings = 0;
			knownRegions = (
				en,
				Base,
			);
			mainGroup = 1851A40D1D54A2F7005EEB42;
			productRefGroup = 1851A4171D54A2F7005EEB42 /* Products */;
			projectDirPath = "";
			projectRoot = "";
			targets = (
				1851A4151D54A2F7005EEB42 /* swiftProjTemplate */,
				1851A42C1D54A2F8005EEB42 /* swiftProjTemplateTests */,
				1851A4371D54A2F8005EEB42 /* swiftProjTemplateUITests */,
			);
		};
/* End PBXProject section */

/* Begin PBXResourcesBuildPhase section */
		1851A4141D54A2F7005EEB42 /* Resources */ = {
			isa = PBXResourcesBuildPhase;
			buildActionMask = 2147483647;
			files = (
				1851A4271D54A2F8005EEB42 /* LaunchScreen.storyboard in Resources */,
				1851A4241D54A2F8005EEB42 /* Assets.xcassets in Resources */,
				1851A41F1D54A2F8005EEB42 /* Main.storyboard in Resources */,
			);
			runOnlyForDeploymentPostprocessing = 0;
		};
		1851A42B1D54A2F8005EEB42 /* Resources */ = {
			isa = PBXResourcesBuildPhase;
			buildActionMask = 2147483647;
			files = (
			);
			runOnlyForDeploymentPostprocessing = 0;
		};
		1851A4361D54A2F8005EEB42 /* Resources */ = {
			isa = PBXResourcesBuildPhase;
			buildActionMask = 2147483647;
			files = (
			);
			runOnlyForDeploymentPostprocessing = 0;
		};
/* End PBXResourcesBuildPhase section */

/* Begin PBXShellScriptBuildPhase section */
		1F27F13C570467DC641D6859 /* [CP] Embed Pods Frameworks */ = {
			isa = PBXShellScriptBuildPhase;
			buildActionMask = 2147483647;
			files = (
			);
			inputPaths = (
			);
			name = "[CP] Embed Pods Frameworks";
			outputPaths = (
			);
			runOnlyForDeploymentPostprocessing = 0;
			shellPath = /bin/sh;
			shellScript = "\"${SRCROOT}/Pods/Target Support Files/Pods-swiftProjTemplateTests/Pods-swiftProjTemplateTests-frameworks.sh\"\n";
			showEnvVarsInLog = 0;
		};
		2AAED35AB82B1ED90C4DD1DA /* [CP] Check Pods Manifest.lock */ = {
			isa = PBXShellScriptBuildPhase;
			buildActionMask = 2147483647;
			files = (
			);
			inputPaths = (
			);
			name = "[CP] Check Pods Manifest.lock";
			outputPaths = (
			);
			runOnlyForDeploymentPostprocessing = 0;
			shellPath = /bin/sh;
			shellScript = "diff \"${PODS_ROOT}/../Podfile.lock\" \"${PODS_ROOT}/Manifest.lock\" > /dev/null\nif [[ $? != 0 ]] ; then\n    cat << EOM\nerror: The sandbox is not in sync with the Podfile.lock. Run 'pod install' or update your CocoaPods installation.\nEOM\n    exit 1\nfi\n";
			showEnvVarsInLog = 0;
		};
		57F365B7ECB7A3BFF3E07FE7 /* [CP] Check Pods Manifest.lock */ = {
			isa = PBXShellScriptBuildPhase;
			buildActionMask = 2147483647;
			files = (
			);
			inputPaths = (
			);
			name = "[CP] Check Pods Manifest.lock";
			outputPaths = (
			);
			runOnlyForDeploymentPostprocessing = 0;
			shellPath = /bin/sh;
			shellScript = "diff \"${PODS_ROOT}/../Podfile.lock\" \"${PODS_ROOT}/Manifest.lock\" > /dev/null\nif [[ $? != 0 ]] ; then\n    cat << EOM\nerror: The sandbox is not in sync with the Podfile.lock. Run 'pod install' or update your CocoaPods installation.\nEOM\n    exit 1\nfi\n";
			showEnvVarsInLog = 0;
		};
		61066709D14936B1573E0140 /* [CP] Copy Pods Resources */ = {
			isa = PBXShellScriptBuildPhase;
			buildActionMask = 2147483647;
			files = (
			);
			inputPaths = (
			);
			name = "[CP] Copy Pods Resources";
			outputPaths = (
			);
			runOnlyForDeploymentPostprocessing = 0;
			shellPath = /bin/sh;
			shellScript = "\"${SRCROOT}/Pods/Target Support Files/Pods-swiftProjTemplateTests/Pods-swiftProjTemplateTests-resources.sh\"\n";
			showEnvVarsInLog = 0;
		};
		70FAF24C85E77053A5C68865 /* [CP] Embed Pods Frameworks */ = {
			isa = PBXShellScriptBuildPhase;
			buildActionMask = 2147483647;
			files = (
			);
			inputPaths = (
			);
			name = "[CP] Embed Pods Frameworks";
			outputPaths = (
			);
			runOnlyForDeploymentPostprocessing = 0;
			shellPath = /bin/sh;
			shellScript = "\"${SRCROOT}/Pods/Target Support Files/Pods-swiftProjTemplate/Pods-swiftProjTemplate-frameworks.sh\"\n";
			showEnvVarsInLog = 0;
		};
		89904022ED51F41992D0A126 /* [CP] Copy Pods Resources */ = {
			isa = PBXShellScriptBuildPhase;
			buildActionMask = 2147483647;
			files = (
			);
			inputPaths = (
			);
			name = "[CP] Copy Pods Resources";
			outputPaths = (
			);
			runOnlyForDeploymentPostprocessing = 0;
			shellPath = /bin/sh;
			shellScript = "\"${SRCROOT}/Pods/Target Support Files/Pods-swiftProjTemplate/Pods-swiftProjTemplate-resources.sh\"\n";
			showEnvVarsInLog = 0;
		};
		9370D186E54074A3862C253C /* [CP] Check Pods Manifest.lock */ = {
			isa = PBXShellScriptBuildPhase;
			buildActionMask = 2147483647;
			files = (
			);
			inputPaths = (
			);
			name = "[CP] Check Pods Manifest.lock";
			outputPaths = (
			);
			runOnlyForDeploymentPostprocessing = 0;
			shellPath = /bin/sh;
			shellScript = "diff \"${PODS_ROOT}/../Podfile.lock\" \"${PODS_ROOT}/Manifest.lock\" > /dev/null\nif [[ $? != 0 ]] ; then\n    cat << EOM\nerror: The sandbox is not in sync with the Podfile.lock. Run 'pod install' or update your CocoaPods installation.\nEOM\n    exit 1\nfi\n";
			showEnvVarsInLog = 0;
		};
		BEAD6FE26B1F4716E9E85D87 /* [CP] Copy Pods Resources */ = {
			isa = PBXShellScriptBuildPhase;
			buildActionMask = 2147483647;
			files = (
			);
			inputPaths = (
			);
			name = "[CP] Copy Pods Resources";
			outputPaths = (
			);
			runOnlyForDeploymentPostprocessing = 0;
			shellPath = /bin/sh;
			shellScript = "\"${SRCROOT}/Pods/Target Support Files/Pods-swiftProjTemplateUITests/Pods-swiftProjTemplateUITests-resources.sh\"\n";
			showEnvVarsInLog = 0;
		};
/* End PBXShellScriptBuildPhase section */

/* Begin PBXSourcesBuildPhase section */
		1851A4121D54A2F7005EEB42 /* Sources */ = {
			isa = PBXSourcesBuildPhase;
			buildActionMask = 2147483647;
			files = (
				1851A41C1D54A2F8005EEB42 /* ViewController.swift in Sources */,
				189C70331D581C6900A2A048 /* GCDUtils.swift in Sources */,
				189C703C1D581C6900A2A048 /* APIDefine.swift in Sources */,
				189C70481D58262E00A2A048 /* CustomDefine.swift in Sources */,
				189C703E1D581C6900A2A048 /* UIStandard.swift in Sources */,
				189C704E1D58341600A2A048 /* BaseViewController.swift in Sources */,
				189C70401D581C6900A2A048 /* InternationController.swift in Sources */,
				189C70461D581C6900A2A048 /* RegExp.swift in Sources */,
				189C70521D583EAF00A2A048 /* BaseViewControllerWithTableView.swift in Sources */,
				189C70321D581C6900A2A048 /* FileUtilController.swift in Sources */,
				189C70451D581C6900A2A048 /* HttpUtil.swift in Sources */,
				189C70361D581C6900A2A048 /* ReadFileUtil.swift in Sources */,
				189C702E1D581C6900A2A048 /* CustomTextView.swift in Sources */,
				1851A4221D54A2F8005EEB42 /* swiftProjTemplate.xcdatamodeld in Sources */,
				189C70301D581C6900A2A048 /* UILabelPadding.swift in Sources */,
				189C703F1D581C6900A2A048 /* FilePathController.swift in Sources */,
				189C703B1D581C6900A2A048 /* ExtensionUIKit.swift in Sources */,
				189C70351D581C6900A2A048 /* ObjectStorage.swift in Sources */,
				189C70371D581C6900A2A048 /* ExtensionCG.swift in Sources */,
				189C703D1D581C6900A2A048 /* AVPlayerManager.swift in Sources */,
				189C702F1D581C6900A2A048 /* LineView.swift in Sources */,
				1851A41A1D54A2F8005EEB42 /* AppDelegate.swift in Sources */,
				189C70391D581C6900A2A048 /* ExtensionNS.swift in Sources */,
				189C703A1D581C6900A2A048 /* ExtensionSwift.swift in Sources */,
				189C70441D581C6900A2A048 /* ConvenienceTools.swift in Sources */,
			);
			runOnlyForDeploymentPostprocessing = 0;
		};
		1851A4291D54A2F8005EEB42 /* Sources */ = {
			isa = PBXSourcesBuildPhase;
			buildActionMask = 2147483647;
			files = (
				1851A4321D54A2F8005EEB42 /* swiftProjTemplateTests.swift in Sources */,
			);
			runOnlyForDeploymentPostprocessing = 0;
		};
		1851A4341D54A2F8005EEB42 /* Sources */ = {
			isa = PBXSourcesBuildPhase;
			buildActionMask = 2147483647;
			files = (
				1851A43D1D54A2F8005EEB42 /* swiftProjTemplateUITests.swift in Sources */,
			);
			runOnlyForDeploymentPostprocessing = 0;
		};
/* End PBXSourcesBuildPhase section */

/* Begin PBXTargetDependency section */
		1851A42F1D54A2F8005EEB42 /* PBXTargetDependency */ = {
			isa = PBXTargetDependency;
			target = 1851A4151D54A2F7005EEB42 /* swiftProjTemplate */;
			targetProxy = 1851A42E1D54A2F8005EEB42 /* PBXContainerItemProxy */;
		};
		1851A43A1D54A2F8005EEB42 /* PBXTargetDependency */ = {
			isa = PBXTargetDependency;
			target = 1851A4151D54A2F7005EEB42 /* swiftProjTemplate */;
			targetProxy = 1851A4391D54A2F8005EEB42 /* PBXContainerItemProxy */;
		};
/* End PBXTargetDependency section */

/* Begin PBXVariantGroup section */
		1851A41D1D54A2F8005EEB42 /* Main.storyboard */ = {
			isa = PBXVariantGroup;
			children = (
				1851A41E1D54A2F8005EEB42 /* Base */,
			);
			name = Main.storyboard;
			sourceTree = "<group>";
		};
		1851A4251D54A2F8005EEB42 /* LaunchScreen.storyboard */ = {
			isa = PBXVariantGroup;
			children = (
				1851A4261D54A2F8005EEB42 /* Base */,
			);
			name = LaunchScreen.storyboard;
			sourceTree = "<group>";
		};
/* End PBXVariantGroup section */

/* Begin XCBuildConfiguration section */
		1851A43F1D54A2F8005EEB42 /* Debug */ = {
			isa = XCBuildConfiguration;
			buildSettings = {
				ALWAYS_SEARCH_USER_PATHS = NO;
				CLANG_ANALYZER_NONNULL = YES;
				CLANG_CXX_LANGUAGE_STANDARD = "gnu++0x";
				CLANG_CXX_LIBRARY = "libc++";
				CLANG_ENABLE_MODULES = YES;
				CLANG_ENABLE_OBJC_ARC = YES;
				CLANG_WARN_BOOL_CONVERSION = YES;
				CLANG_WARN_CONSTANT_CONVERSION = YES;
				CLANG_WARN_DIRECT_OBJC_ISA_USAGE = YES_ERROR;
				CLANG_WARN_EMPTY_BODY = YES;
				CLANG_WARN_ENUM_CONVERSION = YES;
				CLANG_WARN_INT_CONVERSION = YES;
				CLANG_WARN_OBJC_ROOT_CLASS = YES_ERROR;
				CLANG_WARN_UNREACHABLE_CODE = YES;
				CLANG_WARN__DUPLICATE_METHOD_MATCH = YES;
				"CODE_SIGN_IDENTITY[sdk=iphoneos*]" = "iPhone Developer";
				COPY_PHASE_STRIP = NO;
				DEBUG_INFORMATION_FORMAT = dwarf;
				ENABLE_STRICT_OBJC_MSGSEND = YES;
				ENABLE_TESTABILITY = YES;
				GCC_C_LANGUAGE_STANDARD = gnu99;
				GCC_DYNAMIC_NO_PIC = NO;
				GCC_NO_COMMON_BLOCKS = YES;
				GCC_OPTIMIZATION_LEVEL = 0;
				GCC_PREPROCESSOR_DEFINITIONS = (
					"DEBUG=1",
					"$(inherited)",
				);
				GCC_WARN_64_TO_32_BIT_CONVERSION = YES;
				GCC_WARN_ABOUT_RETURN_TYPE = YES_ERROR;
				GCC_WARN_UNDECLARED_SELECTOR = YES;
				GCC_WARN_UNINITIALIZED_AUTOS = YES_AGGRESSIVE;
				GCC_WARN_UNUSED_FUNCTION = YES;
				GCC_WARN_UNUSED_VARIABLE = YES;
				IPHONEOS_DEPLOYMENT_TARGET = 9.3;
				MTL_ENABLE_DEBUG_INFO = YES;
				ONLY_ACTIVE_ARCH = YES;
				SDKROOT = iphoneos;
				SWIFT_OPTIMIZATION_LEVEL = "-Onone";
				TARGETED_DEVICE_FAMILY = "1,2";
			};
			name = Debug;
		};
		1851A4401D54A2F8005EEB42 /* Release */ = {
			isa = XCBuildConfiguration;
			buildSettings = {
				ALWAYS_SEARCH_USER_PATHS = NO;
				CLANG_ANALYZER_NONNULL = YES;
				CLANG_CXX_LANGUAGE_STANDARD = "gnu++0x";
				CLANG_CXX_LIBRARY = "libc++";
				CLANG_ENABLE_MODULES = YES;
				CLANG_ENABLE_OBJC_ARC = YES;
				CLANG_WARN_BOOL_CONVERSION = YES;
				CLANG_WARN_CONSTANT_CONVERSION = YES;
				CLANG_WARN_DIRECT_OBJC_ISA_USAGE = YES_ERROR;
				CLANG_WARN_EMPTY_BODY = YES;
				CLANG_WARN_ENUM_CONVERSION = YES;
				CLANG_WARN_INT_CONVERSION = YES;
				CLANG_WARN_OBJC_ROOT_CLASS = YES_ERROR;
				CLANG_WARN_UNREACHABLE_CODE = YES;
				CLANG_WARN__DUPLICATE_METHOD_MATCH = YES;
				"CODE_SIGN_IDENTITY[sdk=iphoneos*]" = "iPhone Developer";
				COPY_PHASE_STRIP = NO;
				DEBUG_INFORMATION_FORMAT = "dwarf-with-dsym";
				ENABLE_NS_ASSERTIONS = NO;
				ENABLE_STRICT_OBJC_MSGSEND = YES;
				GCC_C_LANGUAGE_STANDARD = gnu99;
				GCC_NO_COMMON_BLOCKS = YES;
				GCC_WARN_64_TO_32_BIT_CONVERSION = YES;
				GCC_WARN_ABOUT_RETURN_TYPE = YES_ERROR;
				GCC_WARN_UNDECLARED_SELECTOR = YES;
				GCC_WARN_UNINITIALIZED_AUTOS = YES_AGGRESSIVE;
				GCC_WARN_UNUSED_FUNCTION = YES;
				GCC_WARN_UNUSED_VARIABLE = YES;
				IPHONEOS_DEPLOYMENT_TARGET = 9.3;
				MTL_ENABLE_DEBUG_INFO = NO;
				SDKROOT = iphoneos;
				TARGETED_DEVICE_FAMILY = "1,2";
				VALIDATE_PRODUCT = YES;
			};
			name = Release;
		};
		1851A4421D54A2F8005EEB42 /* Debug */ = {
			isa = XCBuildConfiguration;
			baseConfigurationReference = B94FE389064C47FEED9EE027 /* Pods-swiftProjTemplate.debug.xcconfig */;
			buildSettings = {
				ASSETCATALOG_COMPILER_APPICON_NAME = AppIcon;
				FRAMEWORK_SEARCH_PATHS = (
					"$(inherited)",
					"$(PROJECT_DIR)",
				);
				INFOPLIST_FILE = swiftProjTemplate/Info.plist;
				LD_RUNPATH_SEARCH_PATHS = "$(inherited) @executable_path/Frameworks";
				PRODUCT_BUNDLE_IDENTIFIER = com.sos.test.swiftProjTemplate;
				PRODUCT_NAME = "$(TARGET_NAME)";
			};
			name = Debug;
		};
		1851A4431D54A2F8005EEB42 /* Release */ = {
			isa = XCBuildConfiguration;
			baseConfigurationReference = 26C83B9D2C8FA14C20AEBAC9 /* Pods-swiftProjTemplate.release.xcconfig */;
			buildSettings = {
				ASSETCATALOG_COMPILER_APPICON_NAME = AppIcon;
				FRAMEWORK_SEARCH_PATHS = (
					"$(inherited)",
					"$(PROJECT_DIR)",
				);
				INFOPLIST_FILE = swiftProjTemplate/Info.plist;
				LD_RUNPATH_SEARCH_PATHS = "$(inherited) @executable_path/Frameworks";
				PRODUCT_BUNDLE_IDENTIFIER = com.sos.test.swiftProjTemplate;
				PRODUCT_NAME = "$(TARGET_NAME)";
			};
			name = Release;
		};
		1851A4451D54A2F8005EEB42 /* Debug */ = {
			isa = XCBuildConfiguration;
			baseConfigurationReference = 8B0B6DB76BE82FEDA48BB0C8 /* Pods-swiftProjTemplateTests.debug.xcconfig */;
			buildSettings = {
				BUNDLE_LOADER = "$(TEST_HOST)";
				INFOPLIST_FILE = swiftProjTemplateTests/Info.plist;
				LD_RUNPATH_SEARCH_PATHS = "$(inherited) @executable_path/Frameworks @loader_path/Frameworks";
				PRODUCT_BUNDLE_IDENTIFIER = com.sos.test.swiftProjTemplateTests;
				PRODUCT_NAME = "$(TARGET_NAME)";
				TEST_HOST = "$(BUILT_PRODUCTS_DIR)/swiftProjTemplate.app/swiftProjTemplate";
			};
			name = Debug;
		};
		1851A4461D54A2F8005EEB42 /* Release */ = {
			isa = XCBuildConfiguration;
			baseConfigurationReference = BEC4837A99CDA92A3AA66266 /* Pods-swiftProjTemplateTests.release.xcconfig */;
			buildSettings = {
				BUNDLE_LOADER = "$(TEST_HOST)";
				INFOPLIST_FILE = swiftProjTemplateTests/Info.plist;
				LD_RUNPATH_SEARCH_PATHS = "$(inherited) @executable_path/Frameworks @loader_path/Frameworks";
				PRODUCT_BUNDLE_IDENTIFIER = com.sos.test.swiftProjTemplateTests;
				PRODUCT_NAME = "$(TARGET_NAME)";
				TEST_HOST = "$(BUILT_PRODUCTS_DIR)/swiftProjTemplate.app/swiftProjTemplate";
			};
			name = Release;
		};
		1851A4481D54A2F8005EEB42 /* Debug */ = {
			isa = XCBuildConfiguration;
			baseConfigurationReference = 610F0A849CD53CAE97335FB1 /* Pods-swiftProjTemplateUITests.debug.xcconfig */;
			buildSettings = {
				INFOPLIST_FILE = swiftProjTemplateUITests/Info.plist;
				LD_RUNPATH_SEARCH_PATHS = "$(inherited) @executable_path/Frameworks @loader_path/Frameworks";
				PRODUCT_BUNDLE_IDENTIFIER = com.sos.test.swiftProjTemplateUITests;
				PRODUCT_NAME = "$(TARGET_NAME)";
				TEST_TARGET_NAME = swiftProjTemplate;
			};
			name = Debug;
		};
		1851A4491D54A2F8005EEB42 /* Release */ = {
			isa = XCBuildConfiguration;
			baseConfigurationReference = 983DFE162E33DC7208E72C7C /* Pods-swiftProjTemplateUITests.release.xcconfig */;
			buildSettings = {
				INFOPLIST_FILE = swiftProjTemplateUITests/Info.plist;
				LD_RUNPATH_SEARCH_PATHS = "$(inherited) @executable_path/Frameworks @loader_path/Frameworks";
				PRODUCT_BUNDLE_IDENTIFIER = com.sos.test.swiftProjTemplateUITests;
				PRODUCT_NAME = "$(TARGET_NAME)";
				TEST_TARGET_NAME = swiftProjTemplate;
			};
			name = Release;
		};
/* End XCBuildConfiguration section */

/* Begin XCConfigurationList section */
		1851A4111D54A2F7005EEB42 /* Build configuration list for PBXProject "swiftProjTemplate" */ = {
			isa = XCConfigurationList;
			buildConfigurations = (
				1851A43F1D54A2F8005EEB42 /* Debug */,
				1851A4401D54A2F8005EEB42 /* Release */,
			);
			defaultConfigurationIsVisible = 0;
			defaultConfigurationName = Release;
		};
		1851A4411D54A2F8005EEB42 /* Build configuration list for PBXNativeTarget "swiftProjTemplate" */ = {
			isa = XCConfigurationList;
			buildConfigurations = (
				1851A4421D54A2F8005EEB42 /* Debug */,
				1851A4431D54A2F8005EEB42 /* Release */,
			);
			defaultConfigurationIsVisible = 0;
			defaultConfigurationName = Release;
		};
		1851A4441D54A2F8005EEB42 /* Build configuration list for PBXNativeTarget "swiftProjTemplateTests" */ = {
			isa = XCConfigurationList;
			buildConfigurations = (
				1851A4451D54A2F8005EEB42 /* Debug */,
				1851A4461D54A2F8005EEB42 /* Release */,
			);
			defaultConfigurationIsVisible = 0;
			defaultConfigurationName = Release;
		};
		1851A4471D54A2F8005EEB42 /* Build configuration list for PBXNativeTarget "swiftProjTemplateUITests" */ = {
			isa = XCConfigurationList;
			buildConfigurations = (
				1851A4481D54A2F8005EEB42 /* Debug */,
				1851A4491D54A2F8005EEB42 /* Release */,
			);
			defaultConfigurationIsVisible = 0;
			defaultConfigurationName = Release;
		};
/* End XCConfigurationList section */

/* Begin XCVersionGroup section */
		1851A4201D54A2F8005EEB42 /* swiftProjTemplate.xcdatamodeld */ = {
			isa = XCVersionGroup;
			children = (
				1851A4211D54A2F8005EEB42 /* swiftProjTemplate.xcdatamodel */,
			);
			currentVersion = 1851A4211D54A2F8005EEB42 /* swiftProjTemplate.xcdatamodel */;
			path = swiftProjTemplate.xcdatamodeld;
			sourceTree = "<group>";
			versionGroupType = wrapper.xcdatamodel;
		};
/* End XCVersionGroup section */
	};
	rootObject = 1851A40E1D54A2F7005EEB42 /* Project object */;
}
